
Microsoft Visual Studio Solution File, Format Version 12.00
# Visual Studio Version 16
VisualStudioVersion = 16.0.30204.135
MinimumVisualStudioVersion = 10.0.40219.1
Project("{FAE04EC0-301F-11D3-BF4B-00C04F79EFBC}") = "OnlineShop", "OnlineShop\OnlineShop.csproj", "{1DFE54C6-543A-4D83-B427-F421C5D1CDC2}"
EndProject
Global
	GlobalSection(SolutionConfigurationPlatforms) = preSolution
		Debug|Any CPU = Debug|Any CPU
		Release|Any CPU = Release|Any CPU
	EndGlobalSection
	GlobalSection(ProjectConfigurationPlatforms) = postSolution
		{1DFE54C6-543A-4D83-B427-F421C5D1CDC2}.Debug|Any CPU.ActiveCfg = Debug|Any CPU
		{1DFE54C6-543A-4D83-B427-F421C5D1CDC2}.Debug|Any CPU.Build.0 = Debug|Any CPU
		{1DFE54C6-543A-4D83-B427-F421C5D1CDC2}.Release|Any CPU.ActiveCfg = Release|Any CPU
		{1DFE54C6-543A-4D83-B427-F421C5D1CDC2}.Release|Any CPU.Build.0 = Release|Any CPU
	EndGlobalSection
	GlobalSection(SolutionProperties) = preSolution
		HideSolutionNode = FALSE
	EndGlobalSection
	GlobalSection(ExtensibilityGlobals) = postSolution
		SolutionGuid = {D5244AD3-A745-4482-8F1F-FC5C68DE5866}
	EndGlobalSection
EndGlobal
